# THIS IS AN AUTOGENERATED FILE. DO NOT EDIT THIS FILE DIRECTLY.
# yarn lockfile v1


"@types/chrome@^0.0.64":
  version "0.0.64"
  resolved "http://registry.npm.taobao.org/@types/chrome/download/@types/chrome-0.0.64.tgz#c5098de7a5a522ca6271809279973e42d2102c20"
  dependencies:
    "@types/filesystem" "*"

"@types/filesystem@*":
  version "0.0.28"
  resolved "http://registry.npm.taobao.org/@types/filesystem/download/@types/filesystem-0.0.28.tgz#3fd7735830f2c7413cb5ac45780bc45904697b0e"
  dependencies:
    "@types/filewriter" "*"

"@types/filewriter@*":
  version "0.0.28"
  resolved "http://registry.npm.taobao.org/@types/filewriter/download/@types/filewriter-0.0.28.tgz#c054e8af4d9dd75db4e63abc76f885168714d4b3"
